
Microsoft Visual Studio Solution File, Format Version 12.00
# Visual Studio Version 17
VisualStudioVersion = 17.8.34330.188
MinimumVisualStudioVersion = 10.0.40219.1
Project("{FAE04EC0-301F-11D3-BF4B-00C04F79EFBC}") = "TelegeramHappyBirthday", "TelegeramHappyBirthday.csproj", "{66DDCC2F-4B64-445F-A0D9-884E218BC8DA}"
EndProject
Global
	GlobalSection(SolutionConfigurationPlatforms) = preSolution
		Debug|Any CPU = Debug|Any CPU
		Release|Any CPU = Release|Any CPU
	EndGlobalSection
	GlobalSection(ProjectConfigurationPlatforms) = postSolution
		{66DDCC2F-4B64-445F-A0D9-884E218BC8DA}.Debug|Any CPU.ActiveCfg = Debug|Any CPU
		{66DDCC2F-4B64-445F-A0D9-884E218BC8DA}.Debug|Any CPU.Build.0 = Debug|Any CPU
		{66DDCC2F-4B64-445F-A0D9-884E218BC8DA}.Release|Any CPU.ActiveCfg = Release|Any CPU
		{66DDCC2F-4B64-445F-A0D9-884E218BC8DA}.Release|Any CPU.Build.0 = Release|Any CPU
	EndGlobalSection
	GlobalSection(SolutionProperties) = preSolution
		HideSolutionNode = FALSE
	EndGlobalSection
	GlobalSection(ExtensibilityGlobals) = postSolution
		SolutionGuid = {F1F23360-ADDF-4375-A9BF-B81B796BAB4B}
	EndGlobalSection
EndGlobal
